
Microsoft Visual Studio Solution File, Format Version 12.00
# Visual Studio 2013
VisualStudioVersion = 12.0.31101.0
MinimumVisualStudioVersion = 10.0.40219.1
Project("{FAE04EC0-301F-11D3-BF4B-00C04F79EFBC}") = "KonverteraFarenheitTillCelcius", "KonverteraFarenheitTillCelcius.csproj", "{13ED41D9-338E-46D3-93B4-0D753B01E0B1}"
EndProject
Global
	GlobalSection(SolutionConfigurationPlatforms) = preSolution
		Debug|Any CPU = Debug|Any CPU
		Release|Any CPU = Release|Any CPU
	EndGlobalSection
	GlobalSection(ProjectConfigurationPlatforms) = postSolution
		{13ED41D9-338E-46D3-93B4-0D753B01E0B1}.Debug|Any CPU.ActiveCfg = Debug|Any CPU
		{13ED41D9-338E-46D3-93B4-0D753B01E0B1}.Debug|Any CPU.Build.0 = Debug|Any CPU
		{13ED41D9-338E-46D3-93B4-0D753B01E0B1}.Release|Any CPU.ActiveCfg = Release|Any CPU
		{13ED41D9-338E-46D3-93B4-0D753B01E0B1}.Release|Any CPU.Build.0 = Release|Any CPU
	EndGlobalSection
	GlobalSection(SolutionProperties) = preSolution
		HideSolutionNode = FALSE
	EndGlobalSection
EndGlobal
